
Microsoft Visual Studio Solution File, Format Version 12.00
# Visual Studio Version 17
VisualStudioVersion = 17.14.36811.4
MinimumVisualStudioVersion = 10.0.40219.1
Project("{FAE04EC0-301F-11D3-BF4B-00C04F79EFBC}") = "EcoWash", "EcoWash\EcoWash.csproj", "{B5EACEA4-86A4-48D6-9EDC-D7D2F5E5CED6}"
EndProject
Project("{FAE04EC0-301F-11D3-BF4B-00C04F79EFBC}") = "TestProject1", "TestProject1\TestProject1.csproj", "{303DF85E-737C-4309-A6F3-566328209432}"
EndProject
Global
	GlobalSection(SolutionConfigurationPlatforms) = preSolution
		Debug|Any CPU = Debug|Any CPU
		Release|Any CPU = Release|Any CPU
	EndGlobalSection
	GlobalSection(ProjectConfigurationPlatforms) = postSolution
		{B5EACEA4-86A4-48D6-9EDC-D7D2F5E5CED6}.Debug|Any CPU.ActiveCfg = Debug|Any CPU
		{B5EACEA4-86A4-48D6-9EDC-D7D2F5E5CED6}.Debug|Any CPU.Build.0 = Debug|Any CPU
		{B5EACEA4-86A4-48D6-9EDC-D7D2F5E5CED6}.Release|Any CPU.ActiveCfg = Release|Any CPU
		{B5EACEA4-86A4-48D6-9EDC-D7D2F5E5CED6}.Release|Any CPU.Build.0 = Release|Any CPU
		{303DF85E-737C-4309-A6F3-566328209432}.Debug|Any CPU.ActiveCfg = Debug|Any CPU
		{303DF85E-737C-4309-A6F3-566328209432}.Debug|Any CPU.Build.0 = Debug|Any CPU
		{303DF85E-737C-4309-A6F3-566328209432}.Release|Any CPU.ActiveCfg = Release|Any CPU
		{303DF85E-737C-4309-A6F3-566328209432}.Release|Any CPU.Build.0 = Release|Any CPU
	EndGlobalSection
	GlobalSection(SolutionProperties) = preSolution
		HideSolutionNode = FALSE
	EndGlobalSection
	GlobalSection(ExtensibilityGlobals) = postSolution
		SolutionGuid = {072DC16D-6E90-4623-904A-243704FF749E}
	EndGlobalSection
EndGlobal
